
Microsoft Visual Studio Solution File, Format Version 12.00
# Visual Studio Version 17
VisualStudioVersion = 17.9.34723.18
MinimumVisualStudioVersion = 10.0.40219.1
Project("{FAE04EC0-301F-11D3-BF4B-00C04F79EFBC}") = "Server", "Server\Server.csproj", "{7005C095-6540-42E0-9E27-8E9CC50359DA}"
EndProject
Project("{FAE04EC0-301F-11D3-BF4B-00C04F79EFBC}") = "Client", "Client\Client.csproj", "{1175FEB2-DAB8-4265-86AC-3D1FCF9D78C6}"
EndProject
Project("{FAE04EC0-301F-11D3-BF4B-00C04F79EFBC}") = "BaseLibrary", "BaseLibrary\BaseLibrary.csproj", "{2DE6F413-5783-4E70-B41D-79019A6EA044}"
EndProject
Project("{FAE04EC0-301F-11D3-BF4B-00C04F79EFBC}") = "ClientLibrary", "ClientLibrary\ClientLibrary.csproj", "{B49D1BFD-94E4-41F6-AAD8-5D26B4F69CC4}"
EndProject
Project("{FAE04EC0-301F-11D3-BF4B-00C04F79EFBC}") = "ServerLibray", "ServerLibray\ServerLibray.csproj", "{53C78785-FC6B-4B59-9464-9FEDCD4D71B9}"
EndProject
Global
	GlobalSection(SolutionConfigurationPlatforms) = preSolution
		Debug|Any CPU = Debug|Any CPU
		Release|Any CPU = Release|Any CPU
	EndGlobalSection
	GlobalSection(ProjectConfigurationPlatforms) = postSolution
		{7005C095-6540-42E0-9E27-8E9CC50359DA}.Debug|Any CPU.ActiveCfg = Debug|Any CPU
		{7005C095-6540-42E0-9E27-8E9CC50359DA}.Debug|Any CPU.Build.0 = Debug|Any CPU
		{7005C095-6540-42E0-9E27-8E9CC50359DA}.Release|Any CPU.ActiveCfg = Release|Any CPU
		{7005C095-6540-42E0-9E27-8E9CC50359DA}.Release|Any CPU.Build.0 = Release|Any CPU
		{1175FEB2-DAB8-4265-86AC-3D1FCF9D78C6}.Debug|Any CPU.ActiveCfg = Debug|Any CPU
		{1175FEB2-DAB8-4265-86AC-3D1FCF9D78C6}.Debug|Any CPU.Build.0 = Debug|Any CPU
		{1175FEB2-DAB8-4265-86AC-3D1FCF9D78C6}.Release|Any CPU.ActiveCfg = Release|Any CPU
		{1175FEB2-DAB8-4265-86AC-3D1FCF9D78C6}.Release|Any CPU.Build.0 = Release|Any CPU
		{2DE6F413-5783-4E70-B41D-79019A6EA044}.Debug|Any CPU.ActiveCfg = Debug|Any CPU
		{2DE6F413-5783-4E70-B41D-79019A6EA044}.Debug|Any CPU.Build.0 = Debug|Any CPU
		{2DE6F413-5783-4E70-B41D-79019A6EA044}.Release|Any CPU.ActiveCfg = Release|Any CPU
		{2DE6F413-5783-4E70-B41D-79019A6EA044}.Release|Any CPU.Build.0 = Release|Any CPU
		{B49D1BFD-94E4-41F6-AAD8-5D26B4F69CC4}.Debug|Any CPU.ActiveCfg = Debug|Any CPU
		{B49D1BFD-94E4-41F6-AAD8-5D26B4F69CC4}.Debug|Any CPU.Build.0 = Debug|Any CPU
		{B49D1BFD-94E4-41F6-AAD8-5D26B4F69CC4}.Release|Any CPU.ActiveCfg = Release|Any CPU
		{B49D1BFD-94E4-41F6-AAD8-5D26B4F69CC4}.Release|Any CPU.Build.0 = Release|Any CPU
		{53C78785-FC6B-4B59-9464-9FEDCD4D71B9}.Debug|Any CPU.ActiveCfg = Debug|Any CPU
		{53C78785-FC6B-4B59-9464-9FEDCD4D71B9}.Debug|Any CPU.Build.0 = Debug|Any CPU
		{53C78785-FC6B-4B59-9464-9FEDCD4D71B9}.Release|Any CPU.ActiveCfg = Release|Any CPU
		{53C78785-FC6B-4B59-9464-9FEDCD4D71B9}.Release|Any CPU.Build.0 = Release|Any CPU
	EndGlobalSection
	GlobalSection(SolutionProperties) = preSolution
		HideSolutionNode = FALSE
	EndGlobalSection
	GlobalSection(ExtensibilityGlobals) = postSolution
		SolutionGuid = {AC0F9F67-4AD9-4AF8-BA9F-61093A17BC54}
	EndGlobalSection
EndGlobal
